
Microsoft Visual Studio Solution File, Format Version 12.00
# Visual Studio Version 16
VisualStudioVersion = 16.0.31624.102
MinimumVisualStudioVersion = 10.0.40219.1
Project("{FAE04EC0-301F-11D3-BF4B-00C04F79EFBC}") = "itrace_core", "itrace_core\itrace_core.csproj", "{5783FB9E-5502-48CF-89BF-12B3A4DFFCB2}"
EndProject
Project("{9A19103F-16F7-4668-BE54-9A1E7A4F7556}") = "CoreUnitTests", "UnitTestProject1\CoreUnitTests.csproj", "{F7B7FC84-7401-4185-BAE0-B78524B26BAE}"
EndProject
Global
	GlobalSection(SolutionConfigurationPlatforms) = preSolution
		Debug|Any CPU = Debug|Any CPU
		Debug|x64 = Debug|x64
		Release|Any CPU = Release|Any CPU
		Release|x64 = Release|x64
	EndGlobalSection
	GlobalSection(ProjectConfigurationPlatforms) = postSolution
		{5783FB9E-5502-48CF-89BF-12B3A4DFFCB2}.Debug|Any CPU.ActiveCfg = Debug|Any CPU
		{5783FB9E-5502-48CF-89BF-12B3A4DFFCB2}.Debug|Any CPU.Build.0 = Debug|Any CPU
		{5783FB9E-5502-48CF-89BF-12B3A4DFFCB2}.Debug|x64.ActiveCfg = Debug|x64
		{5783FB9E-5502-48CF-89BF-12B3A4DFFCB2}.Debug|x64.Build.0 = Debug|x64
		{5783FB9E-5502-48CF-89BF-12B3A4DFFCB2}.Release|Any CPU.ActiveCfg = Release|Any CPU
		{5783FB9E-5502-48CF-89BF-12B3A4DFFCB2}.Release|Any CPU.Build.0 = Release|Any CPU
		{5783FB9E-5502-48CF-89BF-12B3A4DFFCB2}.Release|x64.ActiveCfg = Release|x64
		{5783FB9E-5502-48CF-89BF-12B3A4DFFCB2}.Release|x64.Build.0 = Release|x64
		{F7B7FC84-7401-4185-BAE0-B78524B26BAE}.Debug|Any CPU.ActiveCfg = Debug|Any CPU
		{F7B7FC84-7401-4185-BAE0-B78524B26BAE}.Debug|Any CPU.Build.0 = Debug|Any CPU
		{F7B7FC84-7401-4185-BAE0-B78524B26BAE}.Debug|x64.ActiveCfg = Debug|Any CPU
		{F7B7FC84-7401-4185-BAE0-B78524B26BAE}.Debug|x64.Build.0 = Debug|Any CPU
		{F7B7FC84-7401-4185-BAE0-B78524B26BAE}.Release|Any CPU.ActiveCfg = Release|Any CPU
		{F7B7FC84-7401-4185-BAE0-B78524B26BAE}.Release|Any CPU.Build.0 = Release|Any CPU
		{F7B7FC84-7401-4185-BAE0-B78524B26BAE}.Release|x64.ActiveCfg = Release|Any CPU
		{F7B7FC84-7401-4185-BAE0-B78524B26BAE}.Release|x64.Build.0 = Release|Any CPU
	EndGlobalSection
	GlobalSection(SolutionProperties) = preSolution
		HideSolutionNode = FALSE
	EndGlobalSection
	GlobalSection(ExtensibilityGlobals) = postSolution
		SolutionGuid = {FD8E01EA-52AD-4714-995D-89FF2A3CAE5F}
	EndGlobalSection
EndGlobal
